{
  "name": "simple-code-editor",
  "version": "2.0.0",
  "lockfileVersion": 2,
  "requires": true,
  "packages": {
    "": {
      "name": "simple-code-editor",
      "version": "2.0.0",
      "license": "MIT",
      "dependencies": {
        "highlight.js": "^11.8.0"
      }
    },
    "node_modules/highlight.js": {
      "version": "11.8.0",
      "license": "BSD-3-Clause",
      "engines": {
        "node": ">=12.0.0"
      }
    }
  },
  "dependencies": {
    "highlight.js": {
      "version": "11.8.0"
    }
  }
}
